# Citation fingerprints — see tools/decisions/corrections.js, rule 3.
#
# One line per correction citation: file, the number it cites, and a hash of
# the words around it with every C-number blanked. A citation whose number
# changes while its words do not is a citation dragged along by somebody
# renumbering a heading, and that is what this file exists to catch.
#
# Regenerate with:  node tools/decisions/corrections.js --relock
# Generated. Do not hand-edit except to accept a single deliberate change.
.github/workflows/ci.yml	C26	8ee8f43c4642
CLAUDE.md	C5	b0903798b42f
README.md	C23	05c1d7fce551
README.md	C26	9648f42b9cac
crates/l2-formats/src/maps.rs	C25	795dd2e31c53
crates/l2-formats/tests/battle_fixtures.rs	C23	24f9d69c852a
crates/l2-formats/tests/save.rs	C1	93f2edca7e60
crates/l2-formats/tests/save_england_turn1.rs	C12	28688b3c5609
crates/l2-game/src/game.rs	C30	7a6ba0a3e919
crates/l2-game/src/game.rs	C62	1f489b238ce0
crates/l2-game/src/screen.rs	C22	e72ae3be53c7
crates/l2-game/src/screens/army.rs	C21	d250307406e2
crates/l2-game/src/screens/army.rs	C45	ba3094ad6579
crates/l2-game/src/screens/battle.rs	C21	9867d38dde6d
crates/l2-game/src/screens/battle.rs	C21	c7d8aa24877d
crates/l2-game/src/screens/county.rs	C22	11557e27ba54
crates/l2-game/src/screens/county.rs	C22	19162a21321c
crates/l2-game/src/screens/county.rs	C42	bd3303c98be3
crates/l2-game/src/screens/job.rs	C22	a4de81c932fb
crates/l2-game/src/screens/map.rs	C21	5c7b42f3650c
crates/l2-game/src/screens/map.rs	C21	d7e286680856
crates/l2-game/src/screens/map.rs	C21	f00297685d46
crates/l2-game/src/screens/map.rs	C22	9269ad59f313
crates/l2-game/src/screens/map.rs	C25	23e8c28769c0
crates/l2-game/src/screens/map.rs	C45	12e98c92949f
crates/l2-game/src/screens/map.rs	C48	5ed2d9912e7f
crates/l2-game/src/screens/map.rs	C57	3865532a202c
crates/l2-game/src/screens/map.rs	C57	8b5e7f194e7c
crates/l2-game/src/screens/map.rs	C58	c583727df160
crates/l2-game/src/screens/mod.rs	C22	614efd7627f9
crates/l2-game/src/screens/mod.rs	C59	6d731ce3ba28
crates/l2-game/src/screens/options.rs	C62	65a8bf182816
crates/l2-game/src/screens/saveload.rs	C21	57f507db2bc2
crates/l2-game/src/screens/setup.rs	C21	061497c61678
crates/l2-game/src/screens/setup.rs	C21	f030e5ba689c
crates/l2-game/src/screens/shells.rs	C22	6210d0b3625b
crates/l2-game/src/screens/shells.rs	C45	971440fb6fdf
crates/l2-game/src/screens/village.rs	C22	81b65db0836a
crates/l2-game/src/setup.rs	C21	1a85f7a2d857
crates/l2-game/src/setup.rs	C62	a935365ea2c1
crates/l2-game/src/turn.rs	C35	5d5f3b924ebe
crates/l2-game/src/turn.rs	C35	820d88d9976c
crates/l2-game/src/turn.rs	C35	87cde1fdbcb4
crates/l2-game/src/turn.rs	C35	90db6b8f5bcd
crates/l2-game/src/turn.rs	C35	dcd60927a9fb
crates/l2-game/src/turn.rs	C35	fc388a7cfe62
crates/l2-game/src/victory.rs	C44	81209403d144
crates/l2-game/src/victory.rs	C44	eb2da78efce9
crates/l2-game/src/victory.rs	C44	fa73148cbb7c
crates/l2-game/tests/audio_install.rs	C1	afd71632a6e6
crates/l2-game/tests/merchant.rs	C50	444a9e4940bc
crates/l2-game/tests/merchant.rs	C53	7cd616c516aa
crates/l2-game/tests/military.rs	C35	0578d12796f0
crates/l2-game/tests/military.rs	C35	ded7fe0edd82
crates/l2-game/tests/options.rs	C26	7899982bcf4c
crates/l2-game/tests/options.rs	C30	716f251c5193
crates/l2-game/tests/screens.rs	C21	1523306009a2
crates/l2-game/tests/screens.rs	C22	1d39d618c245
crates/l2-game/tests/screens.rs	C42	3c40a931b48c
crates/l2-game/tests/screens.rs	C42	555ed4e9d785
crates/l2-game/tests/screens.rs	C47	944e764a1fca
crates/l2-game/tests/screens.rs	C48	38f59896d07f
crates/l2-game/tests/screens.rs	C48	a3f70d784d36
crates/l2-game/tests/turn.rs	C19	2b27ff0ebcc9
crates/l2-kingdom/src/ai.rs	C13	b6951068455b
crates/l2-kingdom/src/ai_farm.rs	C3	5a9c96365a5c
crates/l2-kingdom/src/battle.rs	C31	595fe1623cf7
crates/l2-kingdom/src/battle.rs	C31	6b32e180f17e
crates/l2-kingdom/src/battle.rs	C31	8d915a69b7d9
crates/l2-kingdom/src/battle.rs	C38	0e75ae65c153
crates/l2-kingdom/src/conquest.rs	C21	0fc3f0194453
crates/l2-kingdom/src/county.rs	C53	e8fb6191353a
crates/l2-kingdom/src/event.rs	C13	27ac5e0f4db2
crates/l2-kingdom/src/kingdom.rs	C62	24c0c9697884
crates/l2-kingdom/src/land.rs	C10	d3054e34b992
crates/l2-kingdom/src/levy.rs	C47	7a585921e1bb
crates/l2-kingdom/src/lib.rs	C11	40b20e35a6aa
crates/l2-kingdom/src/lib.rs	C62	2dc2468a0675
crates/l2-kingdom/src/map.rs	C25	28b0c4932b46
crates/l2-kingdom/src/mercenary.rs	C3	5338c04f3210
crates/l2-kingdom/src/movement.rs	C40	87816e7f9e43
crates/l2-kingdom/src/phase.rs	C35	234e7ea17154
crates/l2-kingdom/src/population.rs	C20	11223ff82fe2
crates/l2-kingdom/src/ration.rs	C3	316be8511779
crates/l2-kingdom/src/realm.rs	C3	806d5d4cf93c
crates/l2-kingdom/src/save.rs	C62	e48a60b5604b
crates/l2-kingdom/src/tables.rs	C10	ca6d41e102b2
crates/l2-kingdom/src/tables.rs	C11	09ae49121c2b
crates/l2-kingdom/src/tables.rs	C11	b50cc9ec171d
crates/l2-kingdom/src/tables.rs	C16	d8ed617206dd
crates/l2-kingdom/src/tables.rs	C16	ee2a3a83524e
crates/l2-kingdom/src/tables.rs	C3	5cab149d2244
crates/l2-kingdom/src/tax.rs	C26	03649751764a
crates/l2-kingdom/src/tax.rs	C26	2b481fbbd074
crates/l2-kingdom/src/territory.rs	C34	9a3dae26c192
crates/l2-kingdom/src/units_tick.rs	C35	37946754ead6
crates/l2-kingdom/src/units_tick.rs	C40	127ebcf1fbc7
crates/l2-kingdom/src/units_tick.rs	C40	c5db1b114558
crates/l2-kingdom/src/unrest.rs	C3	332edead8f75
crates/l2-kingdom/tests/defence.rs	C12	8eedf132d18b
crates/l2-kingdom/tests/fields.rs	C23	00c611a35590
crates/l2-kingdom/tests/fields.rs	C24	55fea2f1d2e9
crates/l2-kingdom/tests/fields.rs	C26	c91f959746f2
crates/l2-kingdom/tests/fields.rs	C3	fe6412b1ad06
crates/l2-kingdom/tests/oracle.rs	C10	54a471daa1d9
crates/l2-kingdom/tests/oracle.rs	C12	e241145b7370
crates/l2-kingdom/tests/oracle.rs	C17	edc2b5f29915
crates/l2-kingdom/tests/oracle.rs	C20	981f2d23d128
crates/l2-kingdom/tests/oracle.rs	C3	ce0088d1a447
crates/l2-kingdom/tests/quirks.rs	C30	06301ff299f3
crates/l2-kingdom/tests/quirks.rs	C30	baa38c081a33
crates/l2-kingdom/tests/reproduction.rs	C12	40909731b47f
crates/l2-kingdom/tests/reproduction.rs	C12	410abd9ce336
crates/l2-kingdom/tests/reproduction.rs	C12	7bfb2efd8284
crates/l2-kingdom/tests/reproduction.rs	C12	ad9202d83e81
crates/l2-kingdom/tests/reproduction.rs	C12	d076297559db
crates/l2-kingdom/tests/save.rs	C30	31a64a9407b3
crates/l2-kingdom/tests/save.rs	C30	48f05b5acb89
crates/l2-kingdom/tests/save.rs	C30	58b3a28bdf98
crates/l2-kingdom/tests/save.rs	C30	e2a7c8a85daa
crates/l2-kingdom/tests/save.rs	C39	68a534ebe490
crates/l2-kingdom/tests/save.rs	C39	912c63b4e2a0
crates/l2-kingdom/tests/save.rs	C39	9a6fea8bae53
crates/l2-kingdom/tests/save.rs	C62	0b7e7afb2c23
crates/l2-mods/rulesets/core/rules/kingdom.toml	C10	0b6d21a76fea
crates/l2-mods/rulesets/core/rules/kingdom.toml	C11	f607cac3e195
crates/l2-mods/rulesets/core/rules/units.toml	C11	aa6ae9f23e5b
crates/l2-mods/src/kingdom.rs	C10	4eca0cb3e865
crates/l2-mods/src/kingdom.rs	C11	5269ee40f876
crates/l2-mods/src/kingdom.rs	C11	c5c8ea428ed2
crates/l2-mods/src/units.rs	C11	1f34a41c4bbb
crates/l2-mods/src/units.rs	C11	82a3e3450631
crates/l2-mods/tests/simulation.rs	C11	b927dbbbca77
crates/l2-mods/tests/simulation.rs	C12	84283df43fd5
crates/l2-net/src/quirks.rs	C26	3666e846a6ab
crates/l2-net/src/quirks.rs	C26	e75f82770f0b
crates/l2-net/src/quirks.rs	C62	e187f3a3e544
crates/l2-scenario/src/lib.rs	C57	14b498ed2873
crates/l2-scenario/src/lib.rs	C62	94a85e9708ab
crates/l2-scenario/tests/import.rs	C26	bdddd4567993
crates/l2-sim/src/ai.rs	C15	0b1357346ad8
crates/l2-sim/src/ai.rs	C16	eeb3a03b55e2
crates/l2-sim/src/formation.rs	C12	e3d9b0d9caab
crates/l2-sim/src/troop.rs	C11	f3ee142fc544
crates/l2-sim/tests/lockstep.rs	C39	1983d0f73f54
crates/l2-sim/tests/lockstep.rs	C39	6cb87bcb548b
crates/l2-sim/tests/oracle.rs	C10	51e2435705b4
crates/l2-sim/tests/oracle.rs	C12	7ec839366322
crates/l2-sim/tests/oracle.rs	C17	0f5dbd453b42
crates/l2-sim/tests/oracle.rs	C20	d336abeab0e5
crates/l2-testkit/src/lib.rs	C1	365a5efbf069
crates/l2-testkit/src/pe.rs	C16	e5cf5db27aa8
crates/l2-testkit/tests/quirks_catalogue.rs	C62	0139b3d61739
crates/l2-testkit/tests/quirks_catalogue.rs	C62	158971b86058
crates/l2-testkit/tests/quirks_catalogue.rs	C62	6e16796702fc
crates/l2-testkit/tests/quirks_catalogue.rs	C62	bb3cf267d3c1
crates/l2-view/src/campaign.rs	C49	38f05e43397f
crates/l2-view/src/campaign.rs	C57	cc211f4ea532
crates/l2-view/src/campaign.rs	C58	f81f70509bd8
crates/l2-view/src/chrome.rs	C50	d9471b57f9d8
crates/l2-view/src/fade.rs	C49	538f7940f33a
crates/l2-view/src/village.rs	C22	4b0da6199195
crates/l2-view/src/village.rs	C57	fbc575f34d82
crates/l2-view/tests/install.rs	C1	b6dbfeba4b54
crates/l2-view/tests/install.rs	C46	3ca8b1f138bc
docs/agents.md	C1	d79ae046534d
docs/agents.md	C12	15180248099e
docs/agents.md	C14	50deea1020dd
docs/agents.md	C16	c6c238fd3f27
docs/agents.md	C2	4cd0dda988e6
docs/agents.md	C20	165ececb2149
docs/agents.md	C22	4e7765192dba
docs/agents.md	C22	c74401dd4df6
docs/agents.md	C23	1b5ecc6ab314
docs/agents.md	C25	e80779e010bb
docs/agents.md	C26	7697f324cec8
docs/agents.md	C28	10efd3fa0517
docs/agents.md	C3	e000add2bbbd
docs/agents.md	C30	3eacfb3de1f8
docs/agents.md	C31	67d7b3757ddd
docs/agents.md	C34	f2c33fb8f901
docs/agents.md	C36	5f5b8e281e9a
docs/agents.md	C36	733d2c65b207
docs/agents.md	C38	e3ec1a1dd845
docs/armies.md	C12	107ce66c22f6
docs/armies.md	C13	01136a71a801
docs/armies.md	C25	0e1a3d3b6e2c
docs/armies.md	C25	1e8e9e32f5d7
docs/armies.md	C25	79909c3b39f9
docs/armies.md	C3	44c0a5345cdc
docs/armies.md	C3	f90f4cc077c7
docs/armies.md	C31	b676389c8793
docs/armies.md	C31	ee22c35135b4
docs/armies.md	C35	e0a7b45808b5
docs/armies.md	C38	5e9d901fbb69
docs/armies.md	C40	365b1b19ac27
docs/armies.md	C40	36d53b118aac
docs/armies.md	C40	3cddc0864ef1
docs/armies.md	C59	1cbb270593d9
docs/audit.md	C4	137a29e56031
docs/audit.md	C4	27ad00fc666e
docs/audit.md	C4	fad246d96439
docs/battle-ai.md	C3	6f2c0794a107
docs/battle-ai.md	C3	a317d3a65cab
docs/battle.md	C12	c0753f7ef8f6
docs/battle.md	C3	4a58ff6915b0
docs/battle.md	C3	d55c548092ec
docs/bugs.md	C1	573fb4c46bcc
docs/bugs.md	C12	1126d2682b1f
docs/bugs.md	C13	9a58c0fd9984
docs/bugs.md	C31	18772c7679b0
docs/bugs.md	C31	d4548fdca7c1
docs/bugs.md	C33	970cde363d20
docs/bugs.md	C38	3a2b93b33329
docs/bugs.md	C44	76f06582a66b
docs/bugs.md	C53	89e746f595f9
docs/bugs.md	C57	cab2c3c3436a
docs/bugs.md	C59	20d4ce8ff41b
docs/bugs.md	C60	23aa8203bd6a
docs/bugs.md	C62	57caa6ff3b20
docs/decisions.md	C10	1026d11e7d3f
docs/decisions.md	C10	6307927dc59c
docs/decisions.md	C10	ff432eaffe58
docs/decisions.md	C12	2fd0874b7e4b
docs/decisions.md	C12	4134e4bde263
docs/decisions.md	C12	439c2f1bab58
docs/decisions.md	C12	729dde396cc4
docs/decisions.md	C12	a388b50da6e9
docs/decisions.md	C13	09c4dae65b2c
docs/decisions.md	C13	6ecd926bb63e
docs/decisions.md	C13	9a48a53e9996
docs/decisions.md	C14	19873f4c7f74
docs/decisions.md	C14	9228b35094b8
docs/decisions.md	C14	c38454e0c7d3
docs/decisions.md	C14	c6f19ebec36f
docs/decisions.md	C15	e567688e5a9b
docs/decisions.md	C16	78633c7375ce
docs/decisions.md	C16	97dfcbde7cc9
docs/decisions.md	C16	f21ffbab1965
docs/decisions.md	C17	f0ab9c80c1a8
docs/decisions.md	C20	d72be6cb64ab
docs/decisions.md	C21	7cb6452b0185
docs/decisions.md	C21	7e1ce2bf6129
docs/decisions.md	C21	8ab6f5823eaf
docs/decisions.md	C21	e643c79f1b0f
docs/decisions.md	C22	516958f577ba
docs/decisions.md	C22	d5fb664c5a6b
docs/decisions.md	C22	e2c2d7647114
docs/decisions.md	C23	99e73b072814
docs/decisions.md	C24	b6deda781733
docs/decisions.md	C25	04e93d465fea
docs/decisions.md	C25	1cb6c94e684e
docs/decisions.md	C25	279621d20313
docs/decisions.md	C25	2b0966c01658
docs/decisions.md	C25	3e669c6c4204
docs/decisions.md	C25	542068b1deb2
docs/decisions.md	C25	a7c5b0f119ba
docs/decisions.md	C25	c04531db429e
docs/decisions.md	C25	de5babed763b
docs/decisions.md	C25	efa209f1694a
docs/decisions.md	C25	faa4dd8295f4
docs/decisions.md	C25	fcf38cc5919b
docs/decisions.md	C26	1824d81774d5
docs/decisions.md	C26	5357aea2a649
docs/decisions.md	C28	86890c8b2fbc
docs/decisions.md	C28	8a45d173ac29
docs/decisions.md	C28	a1984c5fe2fb
docs/decisions.md	C28	aa16a345c654
docs/decisions.md	C28	d54a0560329e
docs/decisions.md	C28	dae0adb9b022
docs/decisions.md	C29	3a43aa0e9083
docs/decisions.md	C29	6ba0c8d5c8ee
docs/decisions.md	C29	ac62d93dca68
docs/decisions.md	C29	e3058bcc0c36
docs/decisions.md	C3	373b19ab11de
docs/decisions.md	C3	73b73488d9b3
docs/decisions.md	C3	82d67eae856b
docs/decisions.md	C3	dbf6bd203d7e
docs/decisions.md	C3	ee5ed618429c
docs/decisions.md	C30	10744c48b4db
docs/decisions.md	C30	3c37996daf9c
docs/decisions.md	C30	7ce287aa9814
docs/decisions.md	C30	8d6cdbb83ba1
docs/decisions.md	C30	8ff9c88d60f5
docs/decisions.md	C30	dfdae8119bd5
docs/decisions.md	C31	0e0873a0f0a9
docs/decisions.md	C31	2ec3a519a744
docs/decisions.md	C31	71a3f4b2dbff
docs/decisions.md	C31	8def5effc07a
docs/decisions.md	C31	b746e899bd81
docs/decisions.md	C31	bf01f8accf17
docs/decisions.md	C31	e0e1f8d052f8
docs/decisions.md	C31	ed3eab8182c3
docs/decisions.md	C35	4db77be25399
docs/decisions.md	C35	d51ccf1cf570
docs/decisions.md	C36	278739b8f0b8
docs/decisions.md	C36	77721e6dffe1
docs/decisions.md	C39	4c573c6aebc6
docs/decisions.md	C39	6a5f6cc77f33
docs/decisions.md	C39	b900cd987da2
docs/decisions.md	C39	bafbbde7c92a
docs/decisions.md	C40	dd07d41c363e
docs/decisions.md	C41	31c16a7144fe
docs/decisions.md	C41	ce61a32481ef
docs/decisions.md	C42	d82da22eca5c
docs/decisions.md	C42	f53259005d3f
docs/decisions.md	C43	e2cdd9974342
docs/decisions.md	C46	7587dce98120
docs/decisions.md	C46	9f9877405047
docs/decisions.md	C46	a5c3441b0147
docs/decisions.md	C46	ef012cb809f1
docs/decisions.md	C49	62d9a7577421
docs/decisions.md	C49	c08bf8d2178e
docs/decisions.md	C5	2d9efa526576
docs/decisions.md	C5	87aaf3ba3e2d
docs/decisions.md	C5	8ac42aa0e5d0
docs/decisions.md	C52	20de3ea3d5cb
docs/decisions.md	C52	5e26cd0befa4
docs/decisions.md	C52	7927c7868f8b
docs/decisions.md	C57	2abd57a143c3
docs/decisions.md	C57	a01e03e89d00
docs/decisions.md	C58	146714b7fa85
docs/decisions.md	C58	cf211d06686a
docs/decisions.md	C59	611dbc328c24
docs/decisions.md	C7	3c72ce757143
docs/decisions.md	C8	490a0a7ca7d4
docs/decisions.md	C8	553fa7149d4e
docs/decisions.md	C9	2ac3bc41f8d2
docs/decisions.md	C9	72e3f741f15b
docs/decisions.md	C9	99e56fdcae4b
docs/diplomacy.md	C3	d4bc35a985fd
docs/formats/eng.md	C3	f56e526bf0e2
docs/formats/maps-layers.md	C25	4ebf3f639877
docs/formats/maps-layers.md	C41	87c5e3e5dc40
docs/formats/maps-layers.md	C41	89650dc3b322
docs/formats/maps-layers.md	C41	991fc29daae8
docs/formats/maps-layers.md	C49	22534dc6eb84
docs/formats/pl8.md	C5	7da3bb460200
docs/hypotheses.json	C3	6d7b9bc8a5c3
docs/hypotheses.json	C3	80313a1ef950
docs/kingdom.md	C12	ea411ce7f8a2
docs/kingdom.md	C16	b5ee9c5eb7a2
docs/kingdom.md	C29	2c4e4b24a052
docs/kingdom.md	C3	840abeb8509b
docs/kingdom.md	C3	95fbb7f03470
docs/kingdom.md	C33	b9ec6f2c7beb
docs/kingdom.md	C34	940ba0c98a5a
docs/kingdom.md	C35	6dd99c189d2c
docs/kingdom.md	C36	20f9abde8feb
docs/kingdom.md	C36	4f5705e1dfb0
docs/kingdom.md	C36	74334a3867c1
docs/kingdom.md	C4	7e5078901b50
docs/kingdom.md	C44	1116d13898b2
docs/kingdom.md	C44	a2de7d3fedbe
docs/kingdom.md	C5	9ed204668bd1
docs/kingdom.md	C53	422c2cc39a38
docs/kingdom.md	C8	2c6596b7ae81
docs/kingdom.md	C8	6683b7f42ddb
docs/mechanics.md	C21	efba23978cff
docs/mechanics.md	C22	0c47beed33b6
docs/mechanics.md	C26	811398837c72
docs/mechanics.md	C27	6a66e90a3f82
docs/mechanics.md	C33	ee15b2bcca4b
docs/mechanics.md	C44	4a8c86312733
docs/mechanics.md	C45	3017fd9007b8
docs/mechanics.md	C51	6132fb2e84ab
docs/mechanics.md	C53	216e64d25fc6
docs/mechanics.md	C54	fea22479a2bf
docs/mechanics.md	C59	fe83a2625080
docs/method.md	C21	4fd02f68abf9
docs/method.md	C3	588652ea16c6
docs/method.md	C38	5300e90cb318
docs/method.md	C5	e3631c7b8cfd
docs/modding.md	C10	1d29a6081c1f
docs/modding.md	C11	8097d9e237c2
docs/modding.md	C12	39f1298e9b9a
docs/modding.md	C36	8b047a707272
docs/modding.md	C36	a32887af7e67
docs/netcode.md	C30	49a92704058e
docs/netcode.md	C30	7f2ab5869b39
docs/netcode.md	C39	ebf3b4632de2
docs/netcode.md	C8	7d0d61b3a9f8
docs/plan.md	C11	42457d7739ce
docs/plan.md	C21	e07a03ef7613
docs/plan.md	C22	e96ddb30aaa7
docs/plan.md	C25	dadfcab27aec
docs/plan.md	C28	34b11ce8cc30
docs/plan.md	C28	cde824a84877
docs/plan.md	C29	185d470bb5fd
docs/plan.md	C3	349526f60cfe
docs/plan.md	C3	bdd2fbb580a9
docs/plan.md	C32	759df38b58c2
docs/plan.md	C32	c9b6bccd6393
docs/plan.md	C45	546a5f993a1b
docs/plan.md	C46	8269936b6754
docs/records.json	C25	25ca0e0c5124
docs/records.json	C3	6cef8ac01b2c
docs/records.json	C53	332340f37944
docs/records.json	C54	fae4f63ae975
docs/rules.md	C26	ed34d4cfa431
docs/screens-county.md	C22	5291dc6a63dc
docs/screens-county.md	C22	a40f71f868e3
docs/screens-county.md	C22	c5ec69650b74
docs/screens-county.md	C22	d1f2b9792f7d
docs/screens-county.md	C3	e09b04f6db41
docs/screens-county.md	C41	57bb52d70137
docs/screens-county.md	C42	8b74a650b8bb
docs/screens-county.md	C43	18c6d8a78b5b
docs/screens-county.md	C43	e5d82cc82d66
docs/screens-county.md	C45	deb8ce88337e
docs/screens-county.md	C46	0b66ca8a3963
docs/screens-county.md	C46	9aadfb874c22
docs/screens-county.md	C57	29da3728fc03
docs/screens-county.md	C59	aec4d2276a51
docs/screens.md	C22	29997cfa2796
docs/screens.md	C25	6e23d74e76ec
docs/screens.md	C48	63058cefc7e7
docs/screens.md	C49	a1b14839a0c8
docs/screens.md	C50	0b13b32b4844
docs/screens.md	C54	058651c9e443
docs/screens.md	C57	20afea58b682
docs/screens.md	C58	1667c55aa79a
docs/screens.md	C59	8f514d17c5d4
docs/screens.md	C8	b62c9b07e307
docs/symbols.json	C20	79f068916b16
docs/symbols.json	C20	dddc3abf41e9
docs/symbols.json	C22	f7b971e06d06
docs/symbols.json	C25	20a23b3605a4
docs/symbols.json	C25	87adfcb2cad2
docs/symbols.json	C25	9ecb948c728e
docs/symbols.json	C25	f1666aa57cdb
docs/symbols.json	C25	fb17ea799a4b
docs/symbols.json	C29	6a3104c1bced
docs/symbols.json	C30	a8b53e985a1d
docs/symbols.json	C31	8b2fadf0f9d5
docs/symbols.json	C34	1d2ee3676454
docs/symbols.json	C49	7626b709d45a
docs/symbols.json	C51	4410d4bdcffa
docs/symbols.json	C51	8a9048b61f48
docs/symbols.json	C51	ae4dd65c277f
docs/symbols.json	C53	55b6968d8760
docs/symbols.json	C53	e811dd05e095
docs/symbols.json	C54	04e36de3a81d
docs/symbols.json	C59	0187798186c9
docs/symbols.json	C59	27ae23f1a5ae
docs/symbols.json	C59	2bf19e178584
docs/symbols.json	C59	4ee71e630714
docs/symbols.json	C59	5e3d7047e62c
docs/symbols.json	C59	6c9af806edc8
docs/symbols.json	C59	a26c63971b4a
docs/symbols.json	C59	c8ebd509d2ab
docs/symbols.md	C20	607a21e04411
docs/symbols.md	C20	bd8dc0cc37c2
docs/symbols.md	C22	663d0fc4172b
docs/symbols.md	C25	08d85cdeaae6
docs/symbols.md	C25	20a23b3605a4
docs/symbols.md	C25	7d1520cc18d4
docs/symbols.md	C25	9774ee2de160
docs/symbols.md	C25	9ecb948c728e
docs/symbols.md	C29	9350140aa7f1
docs/symbols.md	C3	5ea09ce2b14d
docs/symbols.md	C30	045b912580de
docs/symbols.md	C31	c0282091f875
docs/symbols.md	C34	1d2ee3676454
docs/symbols.md	C49	797eb3ccc5a7
docs/symbols.md	C51	0786b01a4165
docs/symbols.md	C51	60c9085466ab
docs/symbols.md	C51	ba30732104b0
docs/symbols.md	C53	32ae7755da5d
docs/symbols.md	C53	90fe9b1ebdac
docs/symbols.md	C54	97cfca91ecd5
docs/symbols.md	C59	13b2ca5df5f7
docs/symbols.md	C59	172efdef9245
docs/symbols.md	C59	34ad9c4bb5fc
docs/symbols.md	C59	5bd49cf5e250
docs/symbols.md	C59	64a497c25e59
docs/symbols.md	C59	71e2db0c83cf
docs/symbols.md	C59	af8f4f7bf789
docs/symbols.md	C59	eaf97ce0085e
ghidra_scripts/RecordProbe.java	C3	2f360a1e7611
tools/audit/rva.js	C14	99231cda993c
tools/audit/rva.js	C16	e4312831d7d6
tools/battle/petable.js	C3	c03c7cbddb42
tools/battle/sheetframes.js	C3	43e54e17b493
tools/decisions/corrections.js	C1	14291a1011ba
tools/decisions/corrections.js	C1	c3da22b2eec0
tools/decisions/corrections.js	C12	b38193022b0d
tools/decisions/corrections.js	C22	04de4d1bc032
tools/decisions/corrections.js	C22	846d622e4d87
tools/decisions/corrections.js	C25	ecb1b5c2b1db
tools/decisions/corrections.js	C26	64c408092916
tools/decisions/corrections.js	C28	49d0b7bacaeb
tools/decisions/corrections.js	C30	136405912f85
tools/oracle/anchor.js	C3	64f970433d76
tools/oracle/kingdom.ps1	C16	179704412b64
tools/oracle/runtime.ps1	C10	c77e1ac33816
tools/oracle/runtime.ps1	C10	eeb0822b279d
tools/oracle/tables.ps1	C3	a6bada1093d5
tools/oracle/xref.js	C21	56cb3a0cadde
tools/oracle/xref.js	C3	dbc82d5dfc52
